// !$*UTF8*$!
{
	archiveVersion = 1;
	classes = {
	};
	objectVersion = 56;
	objects = {

/* Begin PBXBuildFile section */
		DBA4F9912AE5BA9D00A14E33 /* LandmarksApp.swift in Sources */ = {isa = PBXBuildFile; fileRef = DBA4F9902AE5BA9D00A14E33 /* LandmarksApp.swift */; };
		DBA4F9952AE5BA9E00A14E33 /* Assets.xcassets in Resources */ = {isa = PBXBuildFile; fileRef = DBA4F9942AE5BA9E00A14E33 /* Assets.xcassets */; };
		DBA4F9982AE5BA9E00A14E33 /* Preview Assets.xcassets in Resources */ = {isa = PBXBuildFile; fileRef = DBA4F9972AE5BA9E00A14E33 /* Preview Assets.xcassets */; };
		DBA4F99F2AE6B6A000A14E33 /* CircleImage.swift in Sources */ = {isa = PBXBuildFile; fileRef = DBA4F99E2AE6B6A000A14E33 /* CircleImage.swift */; };
		DBA4F9A12AE6B8E400A14E33 /* MapView.swift in Sources */ = {isa = PBXBuildFile; fileRef = DBA4F9A02AE6B8E400A14E33 /* MapView.swift */; };
		DBA4F9A52AE6D2F800A14E33 /* landmarkData.json in Resources */ = {isa = PBXBuildFile; fileRef = DBA4F9A42AE6D2F800A14E33 /* landmarkData.json */; };
		DBA4F9A72AE6D31900A14E33 /* Landmark.swift in Sources */ = {isa = PBXBuildFile; fileRef = DBA4F9A62AE6D31900A14E33 /* Landmark.swift */; };
		DBA4F9C32AE6DAAC00A14E33 /* ModelData.swift in Sources */ = {isa = PBXBuildFile; fileRef = DBA4F9C22AE6DAAC00A14E33 /* ModelData.swift */; };
		DBA4F9C92AE6DB7E00A14E33 /* LandmarkRow.swift in Sources */ = {isa = PBXBuildFile; fileRef = DBA4F9C82AE6DB7E00A14E33 /* LandmarkRow.swift */; };
		DBA4F9CB2AE702E400A14E33 /* LandmarkList.swift in Sources */ = {isa = PBXBuildFile; fileRef = DBA4F9CA2AE702E400A14E33 /* LandmarkList.swift */; };
		DBA4F9CD2AE7055E00A14E33 /* LandmarkDetail.swift in Sources */ = {isa = PBXBuildFile; fileRef = DBA4F9CC2AE7055E00A14E33 /* LandmarkDetail.swift */; };
		DBA4F9CF2AE705BF00A14E33 /* ContentView.swift in Sources */ = {isa = PBXBuildFile; fileRef = DBA4F9CE2AE705BF00A14E33 /* ContentView.swift */; };
/* End PBXBuildFile section */

/* Begin PBXFileReference section */
		DBA4F98D2AE5BA9D00A14E33 /* Landmarks.app */ = {isa = PBXFileReference; explicitFileType = wrapper.application; includeInIndex = 0; path = Landmarks.app; sourceTree = BUILT_PRODUCTS_DIR; };
		DBA4F9902AE5BA9D00A14E33 /* LandmarksApp.swift */ = {isa = PBXFileReference; lastKnownFileType = sourcecode.swift; path = LandmarksApp.swift; sourceTree = "<group>"; };
		DBA4F9942AE5BA9E00A14E33 /* Assets.xcassets */ = {isa = PBXFileReference; lastKnownFileType = folder.assetcatalog; path = Assets.xcassets; sourceTree = "<group>"; };
		DBA4F9972AE5BA9E00A14E33 /* Preview Assets.xcassets */ = {isa = PBXFileReference; lastKnownFileType = folder.assetcatalog; path = "Preview Assets.xcassets"; sourceTree = "<group>"; };
		DBA4F99E2AE6B6A000A14E33 /* CircleImage.swift */ = {isa = PBXFileReference; lastKnownFileType = sourcecode.swift; path = CircleImage.swift; sourceTree = "<group>"; };
		DBA4F9A02AE6B8E400A14E33 /* MapView.swift */ = {isa = PBXFileReference; lastKnownFileType = sourcecode.swift; path = MapView.swift; sourceTree = "<group>"; };
		DBA4F9A42AE6D2F800A14E33 /* landmarkData.json */ = {isa = PBXFileReference; fileEncoding = 4; lastKnownFileType = text.json; path = landmarkData.json; sourceTree = "<group>"; };
		DBA4F9A62AE6D31900A14E33 /* Landmark.swift */ = {isa = PBXFileReference; lastKnownFileType = sourcecode.swift; path = Landmark.swift; sourceTree = "<group>"; };
		DBA4F9C22AE6DAAC00A14E33 /* ModelData.swift */ = {isa = PBXFileReference; lastKnownFileType = sourcecode.swift; path = ModelData.swift; sourceTree = "<group>"; };
		DBA4F9C82AE6DB7E00A14E33 /* LandmarkRow.swift */ = {isa = PBXFileReference; lastKnownFileType = sourcecode.swift; path = LandmarkRow.swift; sourceTree = "<group>"; };
		DBA4F9CA2AE702E400A14E33 /* LandmarkList.swift */ = {isa = PBXFileReference; lastKnownFileType = sourcecode.swift; path = LandmarkList.swift; sourceTree = "<group>"; };
		DBA4F9CC2AE7055E00A14E33 /* LandmarkDetail.swift */ = {isa = PBXFileReference; lastKnownFileType = sourcecode.swift; path = LandmarkDetail.swift; sourceTree = "<group>"; };
		DBA4F9CE2AE705BF00A14E33 /* ContentView.swift */ = {isa = PBXFileReference; lastKnownFileType = sourcecode.swift; path = ContentView.swift; sourceTree = "<group>"; };
/* End PBXFileReference section */

/* Begin PBXFrameworksBuildPhase section */
		DBA4F98A2AE5BA9D00A14E33 /* Frameworks */ = {
			isa = PBXFrameworksBuildPhase;
			buildActionMask = 2147483647;
			files = (
			);
			runOnlyForDeploymentPostprocessing = 0;
		};
/* End PBXFrameworksBuildPhase section */

/* Begin PBXGroup section */
		DBA4F9842AE5BA9D00A14E33 = {
			isa = PBXGroup;
			children = (
				DBA4F98F2AE5BA9D00A14E33 /* Landmarks */,
				DBA4F98E2AE5BA9D00A14E33 /* Products */,
			);
			sourceTree = "<group>";
		};
		DBA4F98E2AE5BA9D00A14E33 /* Products */ = {
			isa = PBXGroup;
			children = (
				DBA4F98D2AE5BA9D00A14E33 /* Landmarks.app */,
			);
			name = Products;
			sourceTree = "<group>";
		};
		DBA4F98F2AE5BA9D00A14E33 /* Landmarks */ = {
			isa = PBXGroup;
			children = (
				DBA4F9C52AE6DADC00A14E33 /* Resources */,
				DBA4F9C42AE6DAB700A14E33 /* Model */,
				DBA4F9902AE5BA9D00A14E33 /* LandmarksApp.swift */,
				DBA4F9942AE5BA9E00A14E33 /* Assets.xcassets */,
				DBA4F9C12AE6DA5000A14E33 /* Views */,
				DBA4F9962AE5BA9E00A14E33 /* Preview Content */,
			);
			path = Landmarks;
			sourceTree = "<group>";
		};
		DBA4F9962AE5BA9E00A14E33 /* Preview Content */ = {
			isa = PBXGroup;
			children = (
				DBA4F9972AE5BA9E00A14E33 /* Preview Assets.xcassets */,
			);
			path = "Preview Content";
			sourceTree = "<group>";
		};
		DBA4F9C12AE6DA5000A14E33 /* Views */ = {
			isa = PBXGroup;
			children = (
				DBA4F99E2AE6B6A000A14E33 /* CircleImage.swift */,
				DBA4F9A02AE6B8E400A14E33 /* MapView.swift */,
				DBA4F9C82AE6DB7E00A14E33 /* LandmarkRow.swift */,
				DBA4F9CA2AE702E400A14E33 /* LandmarkList.swift */,
				DBA4F9CC2AE7055E00A14E33 /* LandmarkDetail.swift */,
				DBA4F9CE2AE705BF00A14E33 /* ContentView.swift */,
			);
			path = Views;
			sourceTree = "<group>";
		};
		DBA4F9C42AE6DAB700A14E33 /* Model */ = {
			isa = PBXGroup;
			children = (
				DBA4F9A62AE6D31900A14E33 /* Landmark.swift */,
				DBA4F9C22AE6DAAC00A14E33 /* ModelData.swift */,
			);
			path = Model;
			sourceTree = "<group>";
		};
		DBA4F9C52AE6DADC00A14E33 /* Resources */ = {
			isa = PBXGroup;
			children = (
				DBA4F9A42AE6D2F800A14E33 /* landmarkData.json */,
			);
			path = Resources;
			sourceTree = "<group>";
		};
/* End PBXGroup section */

/* Begin PBXNativeTarget section */
		DBA4F98C2AE5BA9D00A14E33 /* Landmarks */ = {
			isa = PBXNativeTarget;
			buildConfigurationList = DBA4F99B2AE5BA9E00A14E33 /* Build configuration list for PBXNativeTarget "Landmarks" */;
			buildPhases = (
				DBA4F9892AE5BA9D00A14E33 /* Sources */,
				DBA4F98A2AE5BA9D00A14E33 /* Frameworks */,
				DBA4F98B2AE5BA9D00A14E33 /* Resources */,
			);
			buildRules = (
			);
			dependencies = (
			);
			name = Landmarks;
			productName = Landmarks;
			productReference = DBA4F98D2AE5BA9D00A14E33 /* Landmarks.app */;
			productType = "com.apple.product-type.application";
		};
/* End PBXNativeTarget section */

/* Begin PBXProject section */
		DBA4F9852AE5BA9D00A14E33 /* Project object */ = {
			isa = PBXProject;
			attributes = {
				BuildIndependentTargetsInParallel = 1;
				LastSwiftUpdateCheck = 1430;
				LastUpgradeCheck = 1430;
				TargetAttributes = {
					DBA4F98C2AE5BA9D00A14E33 = {
						CreatedOnToolsVersion = 14.3.1;
					};
				};
			};
			buildConfigurationList = DBA4F9882AE5BA9D00A14E33 /* Build configuration list for PBXProject "Landmarks" */;
			compatibilityVersion = "Xcode 14.0";
			developmentRegion = en;
			hasScannedForEncodings = 0;
			knownRegions = (
				en,
				Base,
			);
			mainGroup = DBA4F9842AE5BA9D00A14E33;
			productRefGroup = DBA4F98E2AE5BA9D00A14E33 /* Products */;
			projectDirPath = "";
			projectRoot = "";
			targets = (
				DBA4F98C2AE5BA9D00A14E33 /* Landmarks */,
			);
		};
/* End PBXProject section */

/* Begin PBXResourcesBuildPhase section */
		DBA4F98B2AE5BA9D00A14E33 /* Resources */ = {
			isa = PBXResourcesBuildPhase;
			buildActionMask = 2147483647;
			files = (
				DBA4F9982AE5BA9E00A14E33 /* Preview Assets.xcassets in Resources */,
				DBA4F9952AE5BA9E00A14E33 /* Assets.xcassets in Resources */,
				DBA4F9A52AE6D2F800A14E33 /* landmarkData.json in Resources */,
			);
			runOnlyForDeploymentPostprocessing = 0;
		};
/* End PBXResourcesBuildPhase section */

/* Begin PBXSourcesBuildPhase section */
		DBA4F9892AE5BA9D00A14E33 /* Sources */ = {
			isa = PBXSourcesBuildPhase;
			buildActionMask = 2147483647;
			files = (
				DBA4F9A12AE6B8E400A14E33 /* MapView.swift in Sources */,
				DBA4F9912AE5BA9D00A14E33 /* LandmarksApp.swift in Sources */,
				DBA4F9CB2AE702E400A14E33 /* LandmarkList.swift in Sources */,
				DBA4F9CD2AE7055E00A14E33 /* LandmarkDetail.swift in Sources */,
				DBA4F99F2AE6B6A000A14E33 /* CircleImage.swift in Sources */,
				DBA4F9CF2AE705BF00A14E33 /* ContentView.swift in Sources */,
				DBA4F9A72AE6D31900A14E33 /* Landmark.swift in Sources */,
				DBA4F9C92AE6DB7E00A14E33 /* LandmarkRow.swift in Sources */,
				DBA4F9C32AE6DAAC00A14E33 /* ModelData.swift in Sources */,
			);
			runOnlyForDeploymentPostprocessing = 0;
		};
/* End PBXSourcesBuildPhase section */

/* Begin XCBuildConfiguration section */
		DBA4F9992AE5BA9E00A14E33 /* Debug */ = {
			isa = XCBuildConfiguration;
			buildSettings = {
				ALWAYS_SEARCH_USER_PATHS = NO;
				CLANG_ANALYZER_NONNULL = YES;
				CLANG_ANALYZER_NUMBER_OBJECT_CONVERSION = YES_AGGRESSIVE;
				CLANG_CXX_LANGUAGE_STANDARD = "gnu++20";
				CLANG_ENABLE_MODULES = YES;
				CLANG_ENABLE_OBJC_ARC = YES;
				CLANG_ENABLE_OBJC_WEAK = YES;
				CLANG_WARN_BLOCK_CAPTURE_AUTORELEASING = YES;
				CLANG_WARN_BOOL_CONVERSION = YES;
				CLANG_WARN_COMMA = YES;
				CLANG_WARN_CONSTANT_CONVERSION = YES;
				CLANG_WARN_DEPRECATED_OBJC_IMPLEMENTATIONS = YES;
				CLANG_WARN_DIRECT_OBJC_ISA_USAGE = YES_ERROR;
				CLANG_WARN_DOCUMENTATION_COMMENTS = YES;
				CLANG_WARN_EMPTY_BODY = YES;
				CLANG_WARN_ENUM_CONVERSION = YES;
				CLANG_WARN_INFINITE_RECURSION = YES;
				CLANG_WARN_INT_CONVERSION = YES;
				CLANG_WARN_NON_LITERAL_NULL_CONVERSION = YES;
				CLANG_WARN_OBJC_IMPLICIT_RETAIN_SELF = YES;
				CLANG_WARN_OBJC_LITERAL_CONVERSION = YES;
				CLANG_WARN_OBJC_ROOT_CLASS = YES_ERROR;
				CLANG_WARN_QUOTED_INCLUDE_IN_FRAMEWORK_HEADER = YES;
				CLANG_WARN_RANGE_LOOP_ANALYSIS = YES;
				CLANG_WARN_STRICT_PROTOTYPES = YES;
				CLANG_WARN_SUSPICIOUS_MOVE = YES;
				CLANG_WARN_UNGUARDED_AVAILABILITY = YES_AGGRESSIVE;
				CLANG_WARN_UNREACHABLE_CODE = YES;
				CLANG_WARN__DUPLICATE_METHOD_MATCH = YES;
				COPY_PHASE_STRIP = NO;
				DEBUG_INFORMATION_FORMAT = dwarf;
				ENABLE_STRICT_OBJC_MSGSEND = YES;
				ENABLE_TESTABILITY = YES;
				GCC_C_LANGUAGE_STANDARD = gnu11;
				GCC_DYNAMIC_NO_PIC = NO;
				GCC_NO_COMMON_BLOCKS = YES;
				GCC_OPTIMIZATION_LEVEL = 0;
				GCC_PREPROCESSOR_DEFINITIONS = (
					"DEBUG=1",
					"$(inherited)",
				);
				GCC_WARN_64_TO_32_BIT_CONVERSION = YES;
				GCC_WARN_ABOUT_RETURN_TYPE = YES_ERROR;
				GCC_WARN_UNDECLARED_SELECTOR = YES;
				GCC_WARN_UNINITIALIZED_AUTOS = YES_AGGRESSIVE;
				GCC_WARN_UNUSED_FUNCTION = YES;
				GCC_WARN_UNUSED_VARIABLE = YES;
				IPHONEOS_DEPLOYMENT_TARGET = 16.4;
				MTL_ENABLE_DEBUG_INFO = INCLUDE_SOURCE;
				MTL_FAST_MATH = YES;
				ONLY_ACTIVE_ARCH = YES;
				SDKROOT = iphoneos;
				SWIFT_ACTIVE_COMPILATION_CONDITIONS = DEBUG;
				SWIFT_OPTIMIZATION_LEVEL = "-Onone";
			};
			name = Debug;
		};
		DBA4F99A2AE5BA9E00A14E33 /* Release */ = {
			isa = XCBuildConfiguration;
			buildSettings = {
				ALWAYS_SEARCH_USER_PATHS = NO;
				CLANG_ANALYZER_NONNULL = YES;
				CLANG_ANALYZER_NUMBER_OBJECT_CONVERSION = YES_AGGRESSIVE;
				CLANG_CXX_LANGUAGE_STANDARD = "gnu++20";
				CLANG_ENABLE_MODULES = YES;
				CLANG_ENABLE_OBJC_ARC = YES;
				CLANG_ENABLE_OBJC_WEAK = YES;
				CLANG_WARN_BLOCK_CAPTURE_AUTORELEASING = YES;
				CLANG_WARN_BOOL_CONVERSION = YES;
				CLANG_WARN_COMMA = YES;
				CLANG_WARN_CONSTANT_CONVERSION = YES;
				CLANG_WARN_DEPRECATED_OBJC_IMPLEMENTATIONS = YES;
				CLANG_WARN_DIRECT_OBJC_ISA_USAGE = YES_ERROR;
				CLANG_WARN_DOCUMENTATION_COMMENTS = YES;
				CLANG_WARN_EMPTY_BODY = YES;
				CLANG_WARN_ENUM_CONVERSION = YES;
				CLANG_WARN_INFINITE_RECURSION = YES;
				CLANG_WARN_INT_CONVERSION = YES;
				CLANG_WARN_NON_LITERAL_NULL_CONVERSION = YES;
				CLANG_WARN_OBJC_IMPLICIT_RETAIN_SELF = YES;
				CLANG_WARN_OBJC_LITERAL_CONVERSION = YES;
				CLANG_WARN_OBJC_ROOT_CLASS = YES_ERROR;
				CLANG_WARN_QUOTED_INCLUDE_IN_FRAMEWORK_HEADER = YES;
				CLANG_WARN_RANGE_LOOP_ANALYSIS = YES;
				CLANG_WARN_STRICT_PROTOTYPES = YES;
				CLANG_WARN_SUSPICIOUS_MOVE = YES;
				CLANG_WARN_UNGUARDED_AVAILABILITY = YES_AGGRESSIVE;
				CLANG_WARN_UNREACHABLE_CODE = YES;
				CLANG_WARN__DUPLICATE_METHOD_MATCH = YES;
				COPY_PHASE_STRIP = NO;
				DEBUG_INFORMATION_FORMAT = "dwarf-with-dsym";
				ENABLE_NS_ASSERTIONS = NO;
				ENABLE_STRICT_OBJC_MSGSEND = YES;
				GCC_C_LANGUAGE_STANDARD = gnu11;
				GCC_NO_COMMON_BLOCKS = YES;
				GCC_WARN_64_TO_32_BIT_CONVERSION = YES;
				GCC_WARN_ABOUT_RETURN_TYPE = YES_ERROR;
				GCC_WARN_UNDECLARED_SELECTOR = YES;
				GCC_WARN_UNINITIALIZED_AUTOS = YES_AGGRESSIVE;
				GCC_WARN_UNUSED_FUNCTION = YES;
				GCC_WARN_UNUSED_VARIABLE = YES;
				IPHONEOS_DEPLOYMENT_TARGET = 16.4;
				MTL_ENABLE_DEBUG_INFO = NO;
				MTL_FAST_MATH = YES;
				SDKROOT = iphoneos;
				SWIFT_COMPILATION_MODE = wholemodule;
				SWIFT_OPTIMIZATION_LEVEL = "-O";
				VALIDATE_PRODUCT = YES;
			};
			name = Release;
		};
		DBA4F99C2AE5BA9E00A14E33 /* Debug */ = {
			isa = XCBuildConfiguration;
			buildSettings = {
				ASSETCATALOG_COMPILER_APPICON_NAME = AppIcon;
				ASSETCATALOG_COMPILER_GLOBAL_ACCENT_COLOR_NAME = AccentColor;
				CODE_SIGN_STYLE = Automatic;
				CURRENT_PROJECT_VERSION = 1;
				DEVELOPMENT_ASSET_PATHS = "\"Landmarks/Preview Content\"";
				ENABLE_PREVIEWS = YES;
				GENERATE_INFOPLIST_FILE = YES;
				INFOPLIST_KEY_UIApplicationSceneManifest_Generation = YES;
				INFOPLIST_KEY_UIApplicationSupportsIndirectInputEvents = YES;
				INFOPLIST_KEY_UILaunchScreen_Generation = YES;
				INFOPLIST_KEY_UISupportedInterfaceOrientations_iPad = "UIInterfaceOrientationPortrait UIInterfaceOrientationPortraitUpsideDown UIInterfaceOrientationLandscapeLeft UIInterfaceOrientationLandscapeRight";
				INFOPLIST_KEY_UISupportedInterfaceOrientations_iPhone = "UIInterfaceOrientationPortrait UIInterfaceOrientationLandscapeLeft UIInterfaceOrientationLandscapeRight";
				LD_RUNPATH_SEARCH_PATHS = (
					"$(inherited)",
					"@executable_path/Frameworks",
				);
				MARKETING_VERSION = 1.0;
				PRODUCT_BUNDLE_IDENTIFIER = com.Amelia.Landmarks;
				PRODUCT_NAME = "$(TARGET_NAME)";
				SWIFT_EMIT_LOC_STRINGS = YES;
				SWIFT_VERSION = 5.0;
				TARGETED_DEVICE_FAMILY = "1,2";
			};
			name = Debug;
		};
		DBA4F99D2AE5BA9E00A14E33 /* Release */ = {
			isa = XCBuildConfiguration;
			buildSettings = {
				ASSETCATALOG_COMPILER_APPICON_NAME = AppIcon;
				ASSETCATALOG_COMPILER_GLOBAL_ACCENT_COLOR_NAME = AccentColor;
				CODE_SIGN_STYLE = Automatic;
				CURRENT_PROJECT_VERSION = 1;
				DEVELOPMENT_ASSET_PATHS = "\"Landmarks/Preview Content\"";
				ENABLE_PREVIEWS = YES;
				GENERATE_INFOPLIST_FILE = YES;
				INFOPLIST_KEY_UIApplicationSceneManifest_Generation = YES;
				INFOPLIST_KEY_UIApplicationSupportsIndirectInputEvents = YES;
				INFOPLIST_KEY_UILaunchScreen_Generation = YES;
				INFOPLIST_KEY_UISupportedInterfaceOrientations_iPad = "UIInterfaceOrientationPortrait UIInterfaceOrientationPortraitUpsideDown UIInterfaceOrientationLandscapeLeft UIInterfaceOrientationLandscapeRight";
				INFOPLIST_KEY_UISupportedInterfaceOrientations_iPhone = "UIInterfaceOrientationPortrait UIInterfaceOrientationLandscapeLeft UIInterfaceOrientationLandscapeRight";
				LD_RUNPATH_SEARCH_PATHS = (
					"$(inherited)",
					"@executable_path/Frameworks",
				);
				MARKETING_VERSION = 1.0;
				PRODUCT_BUNDLE_IDENTIFIER = com.Amelia.Landmarks;
				PRODUCT_NAME = "$(TARGET_NAME)";
				SWIFT_EMIT_LOC_STRINGS = YES;
				SWIFT_VERSION = 5.0;
				TARGETED_DEVICE_FAMILY = "1,2";
			};
			name = Release;
		};
/* End XCBuildConfiguration section */

/* Begin XCConfigurationList section */
		DBA4F9882AE5BA9D00A14E33 /* Build configuration list for PBXProject "Landmarks" */ = {
			isa = XCConfigurationList;
			buildConfigurations = (
				DBA4F9992AE5BA9E00A14E33 /* Debug */,
				DBA4F99A2AE5BA9E00A14E33 /* Release */,
			);
			defaultConfigurationIsVisible = 0;
			defaultConfigurationName = Release;
		};
		DBA4F99B2AE5BA9E00A14E33 /* Build configuration list for PBXNativeTarget "Landmarks" */ = {
			isa = XCConfigurationList;
			buildConfigurations = (
				DBA4F99C2AE5BA9E00A14E33 /* Debug */,
				DBA4F99D2AE5BA9E00A14E33 /* Release */,
			);
			defaultConfigurationIsVisible = 0;
			defaultConfigurationName = Release;
		};
/* End XCConfigurationList section */
	};
	rootObject = DBA4F9852AE5BA9D00A14E33 /* Project object */;
}
